
Microsoft Visual Studio Solution File, Format Version 12.00
# Visual Studio Version 17
VisualStudioVersion = 17.7.34031.279
MinimumVisualStudioVersion = 10.0.40219.1
Project("{FAE04EC0-301F-11D3-BF4B-00C04F79EFBC}") = "01_MainSubjects", "01_MainSubjects\01_MainSubjects.csproj", "{D9B9F421-4E18-4D3B-95A2-44FD5B3BCBD1}"
EndProject
Project("{FAE04EC0-301F-11D3-BF4B-00C04F79EFBC}") = "02_Variables", "02_Variables\02_Variables.csproj", "{DADB5CDE-4D3C-4C38-85B0-EA95C367268A}"
EndProject
Project("{FAE04EC0-301F-11D3-BF4B-00C04F79EFBC}") = "03_MakingDecision", "03_MakingDecision\03_MakingDecision.csproj", "{3D711872-141A-4F39-9D3A-1B1362D16625}"
EndProject
Project("{FAE04EC0-301F-11D3-BF4B-00C04F79EFBC}") = "04_Loops", "04_Loops\04_Loops.csproj", "{397A38DC-CBB7-41DC-A6C0-A4AE2FAA6593}"
EndProject
Project("{FAE04EC0-301F-11D3-BF4B-00C04F79EFBC}") = "05_LoopsWithStars", "05_LoopsWithStars\05_LoopsWithStars.csproj", "{6D58A9C2-5260-4DB8-A840-1C852F445D3E}"
EndProject
Project("{FAE04EC0-301F-11D3-BF4B-00C04F79EFBC}") = "06_Arrays", "06_Arrays\06_Arrays.csproj", "{C9B59368-076B-473E-A116-FF09D2237E36}"
EndProject
Project("{FAE04EC0-301F-11D3-BF4B-00C04F79EFBC}") = "07_ForeachLoop", "07_ForeachLoop\07_ForeachLoop.csproj", "{3A0C971B-13C9-481C-BCA3-3721CDBF0D03}"
EndProject
Project("{FAE04EC0-301F-11D3-BF4B-00C04F79EFBC}") = "08_Methots", "08_Methots\08_Methots.csproj", "{C3FBB203-E309-40D2-BC5A-AF117BDBBE1B}"
EndProject
Global
	GlobalSection(SolutionConfigurationPlatforms) = preSolution
		Debug|Any CPU = Debug|Any CPU
		Release|Any CPU = Release|Any CPU
	EndGlobalSection
	GlobalSection(ProjectConfigurationPlatforms) = postSolution
		{D9B9F421-4E18-4D3B-95A2-44FD5B3BCBD1}.Debug|Any CPU.ActiveCfg = Debug|Any CPU
		{D9B9F421-4E18-4D3B-95A2-44FD5B3BCBD1}.Debug|Any CPU.Build.0 = Debug|Any CPU
		{D9B9F421-4E18-4D3B-95A2-44FD5B3BCBD1}.Release|Any CPU.ActiveCfg = Release|Any CPU
		{D9B9F421-4E18-4D3B-95A2-44FD5B3BCBD1}.Release|Any CPU.Build.0 = Release|Any CPU
		{DADB5CDE-4D3C-4C38-85B0-EA95C367268A}.Debug|Any CPU.ActiveCfg = Debug|Any CPU
		{DADB5CDE-4D3C-4C38-85B0-EA95C367268A}.Debug|Any CPU.Build.0 = Debug|Any CPU
		{DADB5CDE-4D3C-4C38-85B0-EA95C367268A}.Release|Any CPU.ActiveCfg = Release|Any CPU
		{DADB5CDE-4D3C-4C38-85B0-EA95C367268A}.Release|Any CPU.Build.0 = Release|Any CPU
		{3D711872-141A-4F39-9D3A-1B1362D16625}.Debug|Any CPU.ActiveCfg = Debug|Any CPU
		{3D711872-141A-4F39-9D3A-1B1362D16625}.Debug|Any CPU.Build.0 = Debug|Any CPU
		{3D711872-141A-4F39-9D3A-1B1362D16625}.Release|Any CPU.ActiveCfg = Release|Any CPU
		{3D711872-141A-4F39-9D3A-1B1362D16625}.Release|Any CPU.Build.0 = Release|Any CPU
		{397A38DC-CBB7-41DC-A6C0-A4AE2FAA6593}.Debug|Any CPU.ActiveCfg = Debug|Any CPU
		{397A38DC-CBB7-41DC-A6C0-A4AE2FAA6593}.Debug|Any CPU.Build.0 = Debug|Any CPU
		{397A38DC-CBB7-41DC-A6C0-A4AE2FAA6593}.Release|Any CPU.ActiveCfg = Release|Any CPU
		{397A38DC-CBB7-41DC-A6C0-A4AE2FAA6593}.Release|Any CPU.Build.0 = Release|Any CPU
		{6D58A9C2-5260-4DB8-A840-1C852F445D3E}.Debug|Any CPU.ActiveCfg = Debug|Any CPU
		{6D58A9C2-5260-4DB8-A840-1C852F445D3E}.Debug|Any CPU.Build.0 = Debug|Any CPU
		{6D58A9C2-5260-4DB8-A840-1C852F445D3E}.Release|Any CPU.ActiveCfg = Release|Any CPU
		{6D58A9C2-5260-4DB8-A840-1C852F445D3E}.Release|Any CPU.Build.0 = Release|Any CPU
		{C9B59368-076B-473E-A116-FF09D2237E36}.Debug|Any CPU.ActiveCfg = Debug|Any CPU
		{C9B59368-076B-473E-A116-FF09D2237E36}.Debug|Any CPU.Build.0 = Debug|Any CPU
		{C9B59368-076B-473E-A116-FF09D2237E36}.Release|Any CPU.ActiveCfg = Release|Any CPU
		{C9B59368-076B-473E-A116-FF09D2237E36}.Release|Any CPU.Build.0 = Release|Any CPU
		{3A0C971B-13C9-481C-BCA3-3721CDBF0D03}.Debug|Any CPU.ActiveCfg = Debug|Any CPU
		{3A0C971B-13C9-481C-BCA3-3721CDBF0D03}.Debug|Any CPU.Build.0 = Debug|Any CPU
		{3A0C971B-13C9-481C-BCA3-3721CDBF0D03}.Release|Any CPU.ActiveCfg = Release|Any CPU
		{3A0C971B-13C9-481C-BCA3-3721CDBF0D03}.Release|Any CPU.Build.0 = Release|Any CPU
		{C3FBB203-E309-40D2-BC5A-AF117BDBBE1B}.Debug|Any CPU.ActiveCfg = Debug|Any CPU
		{C3FBB203-E309-40D2-BC5A-AF117BDBBE1B}.Debug|Any CPU.Build.0 = Debug|Any CPU
		{C3FBB203-E309-40D2-BC5A-AF117BDBBE1B}.Release|Any CPU.ActiveCfg = Release|Any CPU
		{C3FBB203-E309-40D2-BC5A-AF117BDBBE1B}.Release|Any CPU.Build.0 = Release|Any CPU
	EndGlobalSection
	GlobalSection(SolutionProperties) = preSolution
		HideSolutionNode = FALSE
	EndGlobalSection
	GlobalSection(ExtensibilityGlobals) = postSolution
		SolutionGuid = {3037DFFE-2955-43FA-B43C-A4151A7D0E55}
	EndGlobalSection
EndGlobal
